PODS:
  - Flutter (1.0.0)
  - hello_world (0.0.1):
    - Flutter

DEPENDENCIES:
  - Flutter (from `Flutter`)
  - hello_world (from `.symlinks/plugins/hello_world/ios`)

EXTERNAL SOURCES:
  Flutter:
    :path: Flutter
  hello_world:
    :path: ".symlinks/plugins/hello_world/ios"

SPEC CHECKSUMS:
  Flutter: f04841e97a9d0b0a8025694d0796dd46242b2854
  hello_world: 7f8eaf2616c3f522c705ebfed221ee5f7bdf15ff

PODFILE CHECKSUM: ef19549a9bc3046e7bb7d2fab4d021637c0c58a3

COCOAPODS: 1.12.1
